
Microsoft Visual Studio Solution File, Format Version 12.00
# Visual Studio 15
VisualStudioVersion = 15.0.27130.2036
MinimumVisualStudioVersion = 10.0.40219.1
Project("{FAE04EC0-301F-11D3-BF4B-00C04F79EFBC}") = "PasswordMaster", "PasswordMaster\PasswordMaster.csproj", "{E76A73DE-8BCA-447F-8D70-36C4602DA09D}"
EndProject
Global
	GlobalSection(SolutionConfigurationPlatforms) = preSolution
		Debug|Any CPU = Debug|Any CPU
		Release|Any CPU = Release|Any CPU
	EndGlobalSection
	GlobalSection(ProjectConfigurationPlatforms) = postSolution
		{E76A73DE-8BCA-447F-8D70-36C4602DA09D}.Debug|Any CPU.ActiveCfg = Debug|Any CPU
		{E76A73DE-8BCA-447F-8D70-36C4602DA09D}.Debug|Any CPU.Build.0 = Debug|Any CPU
		{E76A73DE-8BCA-447F-8D70-36C4602DA09D}.Release|Any CPU.ActiveCfg = Release|Any CPU
		{E76A73DE-8BCA-447F-8D70-36C4602DA09D}.Release|Any CPU.Build.0 = Release|Any CPU
	EndGlobalSection
	GlobalSection(SolutionProperties) = preSolution
		HideSolutionNode = FALSE
	EndGlobalSection
	GlobalSection(ExtensibilityGlobals) = postSolution
		SolutionGuid = {08711D76-E062-46FF-93CA-E45C78AEA285}
	EndGlobalSection
EndGlobal
